
Microsoft Visual Studio Solution File, Format Version 12.00
# Visual Studio 2012
Project("{FAE04EC0-301F-11D3-BF4B-00C04F79EFBC}") = "WoolBoxStudio", "WoolBoxStudio\WoolBoxStudio.csproj", "{11085A45-1E4F-4048-9719-4FE56DDBEC87}"
EndProject
Project("{FAE04EC0-301F-11D3-BF4B-00C04F79EFBC}") = "WoolBoxStudio.Tests", "WoolBoxStudio.Tests\WoolBoxStudio.Tests.csproj", "{8B2D1632-34AF-44DE-B7EC-18A162FD7034}"
EndProject
Global
	GlobalSection(SolutionConfigurationPlatforms) = preSolution
		Debug|Any CPU = Debug|Any CPU
		Release|Any CPU = Release|Any CPU
	EndGlobalSection
	GlobalSection(ProjectConfigurationPlatforms) = postSolution
		{11085A45-1E4F-4048-9719-4FE56DDBEC87}.Debug|Any CPU.ActiveCfg = Debug|Any CPU
		{11085A45-1E4F-4048-9719-4FE56DDBEC87}.Debug|Any CPU.Build.0 = Debug|Any CPU
		{11085A45-1E4F-4048-9719-4FE56DDBEC87}.Release|Any CPU.ActiveCfg = Release|Any CPU
		{11085A45-1E4F-4048-9719-4FE56DDBEC87}.Release|Any CPU.Build.0 = Release|Any CPU
		{8B2D1632-34AF-44DE-B7EC-18A162FD7034}.Debug|Any CPU.ActiveCfg = Debug|Any CPU
		{8B2D1632-34AF-44DE-B7EC-18A162FD7034}.Debug|Any CPU.Build.0 = Debug|Any CPU
		{8B2D1632-34AF-44DE-B7EC-18A162FD7034}.Release|Any CPU.ActiveCfg = Release|Any CPU
		{8B2D1632-34AF-44DE-B7EC-18A162FD7034}.Release|Any CPU.Build.0 = Release|Any CPU
	EndGlobalSection
	GlobalSection(SolutionProperties) = preSolution
		HideSolutionNode = FALSE
	EndGlobalSection
EndGlobal
